// !$*UTF8*$!
{
	archiveVersion = 1;
	classes = {
	};
	objectVersion = 46;
	objects = {

/* Begin PBXBuildFile section */
		8349A2611E6DB1360028FFA1 /* Banner.m in Sources */ = {isa = PBXBuildFile; fileRef = 8349A2601E6DB1360028FFA1 /* Banner.m */; };
		8379C8491E6C5D1D00DCC861 /* main.m in Sources */ = {isa = PBXBuildFile; fileRef = 8379C8481E6C5D1D00DCC861 /* main.m */; };
		8379C84C1E6C5D1D00DCC861 /* AppDelegate.m in Sources */ = {isa = PBXBuildFile; fileRef = 8379C84B1E6C5D1D00DCC861 /* AppDelegate.m */; };
		8379C84F1E6C5D1D00DCC861 /* ViewController.m in Sources */ = {isa = PBXBuildFile; fileRef = 8379C84E1E6C5D1D00DCC861 /* ViewController.m */; };
		8379C8521E6C5D1D00DCC861 /* Main.storyboard in Resources */ = {isa = PBXBuildFile; fileRef = 8379C8501E6C5D1D00DCC861 /* Main.storyboard */; };
		8379C8541E6C5D1D00DCC861 /* Assets.xcassets in Resources */ = {isa = PBXBuildFile; fileRef = 8379C8531E6C5D1D00DCC861 /* Assets.xcassets */; };
		8379C8571E6C5D1D00DCC861 /* LaunchScreen.storyboard in Resources */ = {isa = PBXBuildFile; fileRef = 8379C8551E6C5D1D00DCC861 /* LaunchScreen.storyboard */; };
		8379C8641E6C5DD500DCC861 /* 1.jpg in Resources */ = {isa = PBXBuildFile; fileRef = 8379C85F1E6C5DD500DCC861 /* 1.jpg */; };
		8379C8651E6C5DD500DCC861 /* 2.jpg in Resources */ = {isa = PBXBuildFile; fileRef = 8379C8601E6C5DD500DCC861 /* 2.jpg */; };
		8379C8661E6C5DD500DCC861 /* 3.jpg in Resources */ = {isa = PBXBuildFile; fileRef = 8379C8611E6C5DD500DCC861 /* 3.jpg */; };
		8379C8671E6C5DD500DCC861 /* 4.jpg in Resources */ = {isa = PBXBuildFile; fileRef = 8379C8621E6C5DD500DCC861 /* 4.jpg */; };
		8379C8681E6C5DD500DCC861 /* 5.jpg in Resources */ = {isa = PBXBuildFile; fileRef = 8379C8631E6C5DD500DCC861 /* 5.jpg */; };
/* End PBXBuildFile section */

/* Begin PBXFileReference section */
		8349A25F1E6DB1360028FFA1 /* Banner.h */ = {isa = PBXFileReference; fileEncoding = 4; lastKnownFileType = sourcecode.c.h; path = Banner.h; sourceTree = "<group>"; };
		8349A2601E6DB1360028FFA1 /* Banner.m */ = {isa = PBXFileReference; fileEncoding = 4; lastKnownFileType = sourcecode.c.objc; path = Banner.m; sourceTree = "<group>"; };
		8379C8441E6C5D1D00DCC861 /* PicturesBanner.app */ = {isa = PBXFileReference; explicitFileType = wrapper.application; includeInIndex = 0; path = PicturesBanner.app; sourceTree = BUILT_PRODUCTS_DIR; };
		8379C8481E6C5D1D00DCC861 /* main.m */ = {isa = PBXFileReference; lastKnownFileType = sourcecode.c.objc; path = main.m; sourceTree = "<group>"; };
		8379C84A1E6C5D1D00DCC861 /* AppDelegate.h */ = {isa = PBXFileReference; lastKnownFileType = sourcecode.c.h; path = AppDelegate.h; sourceTree = "<group>"; };
		8379C84B1E6C5D1D00DCC861 /* AppDelegate.m */ = {isa = PBXFileReference; lastKnownFileType = sourcecode.c.objc; path = AppDelegate.m; sourceTree = "<group>"; };
		8379C84D1E6C5D1D00DCC861 /* ViewController.h */ = {isa = PBXFileReference; lastKnownFileType = sourcecode.c.h; path = ViewController.h; sourceTree = "<group>"; };
		8379C84E1E6C5D1D00DCC861 /* ViewController.m */ = {isa = PBXFileReference; lastKnownFileType = sourcecode.c.objc; path = ViewController.m; sourceTree = "<group>"; };
		8379C8511E6C5D1D00DCC861 /* Base */ = {isa = PBXFileReference; lastKnownFileType = file.storyboard; name = Base; path = Base.lproj/Main.storyboard; sourceTree = "<group>"; };
		8379C8531E6C5D1D00DCC861 /* Assets.xcassets */ = {isa = PBXFileReference; lastKnownFileType = folder.assetcatalog; path = Assets.xcassets; sourceTree = "<group>"; };
		8379C8561E6C5D1D00DCC861 /* Base */ = {isa = PBXFileReference; lastKnownFileType = file.storyboard; name = Base; path = Base.lproj/LaunchScreen.storyboard; sourceTree = "<group>"; };
		8379C8581E6C5D1D00DCC861 /* Info.plist */ = {isa = PBXFileReference; lastKnownFileType = text.plist.xml; path = Info.plist; sourceTree = "<group>"; };
		8379C85F1E6C5DD500DCC861 /* 1.jpg */ = {isa = PBXFileReference; lastKnownFileType = image.jpeg; path = 1.jpg; sourceTree = "<group>"; };
		8379C8601E6C5DD500DCC861 /* 2.jpg */ = {isa = PBXFileReference; lastKnownFileType = image.jpeg; path = 2.jpg; sourceTree = "<group>"; };
		8379C8611E6C5DD500DCC861 /* 3.jpg */ = {isa = PBXFileReference; lastKnownFileType = image.jpeg; path = 3.jpg; sourceTree = "<group>"; };
		8379C8621E6C5DD500DCC861 /* 4.jpg */ = {isa = PBXFileReference; lastKnownFileType = image.jpeg; path = 4.jpg; sourceTree = "<group>"; };
		8379C8631E6C5DD500DCC861 /* 5.jpg */ = {isa = PBXFileReference; lastKnownFileType = image.jpeg; path = 5.jpg; sourceTree = "<group>"; };
/* End PBXFileReference section */

/* Begin PBXFrameworksBuildPhase section */
		8379C8411E6C5D1C00DCC861 /* Frameworks */ = {
			isa = PBXFrameworksBuildPhase;
			buildActionMask = 2147483647;
			files = (
			);
			runOnlyForDeploymentPostprocessing = 0;
		};
/* End PBXFrameworksBuildPhase section */

/* Begin PBXGroup section */
		8379C83B1E6C5D1C00DCC861 = {
			isa = PBXGroup;
			children = (
				8379C8461E6C5D1D00DCC861 /* PicturesBanner */,
				8379C8451E6C5D1D00DCC861 /* Products */,
			);
			sourceTree = "<group>";
		};
		8379C8451E6C5D1D00DCC861 /* Products */ = {
			isa = PBXGroup;
			children = (
				8379C8441E6C5D1D00DCC861 /* PicturesBanner.app */,
			);
			name = Products;
			sourceTree = "<group>";
		};
		8379C8461E6C5D1D00DCC861 /* PicturesBanner */ = {
			isa = PBXGroup;
			children = (
				8379C84A1E6C5D1D00DCC861 /* AppDelegate.h */,
				8379C84B1E6C5D1D00DCC861 /* AppDelegate.m */,
				8379C84D1E6C5D1D00DCC861 /* ViewController.h */,
				8379C84E1E6C5D1D00DCC861 /* ViewController.m */,
				8349A25F1E6DB1360028FFA1 /* Banner.h */,
				8349A2601E6DB1360028FFA1 /* Banner.m */,
				8379C8501E6C5D1D00DCC861 /* Main.storyboard */,
				8379C8531E6C5D1D00DCC861 /* Assets.xcassets */,
				8379C8551E6C5D1D00DCC861 /* LaunchScreen.storyboard */,
				8379C8581E6C5D1D00DCC861 /* Info.plist */,
				8379C8471E6C5D1D00DCC861 /* Supporting Files */,
			);
			path = PicturesBanner;
			sourceTree = "<group>";
		};
		8379C8471E6C5D1D00DCC861 /* Supporting Files */ = {
			isa = PBXGroup;
			children = (
				8379C85E1E6C5DD500DCC861 /* pic */,
				8379C8481E6C5D1D00DCC861 /* main.m */,
			);
			name = "Supporting Files";
			sourceTree = "<group>";
		};
		8379C85E1E6C5DD500DCC861 /* pic */ = {
			isa = PBXGroup;
			children = (
				8379C85F1E6C5DD500DCC861 /* 1.jpg */,
				8379C8601E6C5DD500DCC861 /* 2.jpg */,
				8379C8611E6C5DD500DCC861 /* 3.jpg */,
				8379C8621E6C5DD500DCC861 /* 4.jpg */,
				8379C8631E6C5DD500DCC861 /* 5.jpg */,
			);
			path = pic;
			sourceTree = "<group>";
		};
/* End PBXGroup section */

/* Begin PBXNativeTarget section */
		8379C8431E6C5D1C00DCC861 /* PicturesBanner */ = {
			isa = PBXNativeTarget;
			buildConfigurationList = 8379C85B1E6C5D1D00DCC861 /* Build configuration list for PBXNativeTarget "PicturesBanner" */;
			buildPhases = (
				8379C8401E6C5D1C00DCC861 /* Sources */,
				8379C8411E6C5D1C00DCC861 /* Frameworks */,
				8379C8421E6C5D1C00DCC861 /* Resources */,
			);
			buildRules = (
			);
			dependencies = (
			);
			name = PicturesBanner;
			productName = PicturesBanner;
			productReference = 8379C8441E6C5D1D00DCC861 /* PicturesBanner.app */;
			productType = "com.apple.product-type.application";
		};
/* End PBXNativeTarget section */

/* Begin PBXProject section */
		8379C83C1E6C5D1C00DCC861 /* Project object */ = {
			isa = PBXProject;
			attributes = {
				LastUpgradeCheck = 0820;
				ORGANIZATIONNAME = jikexueyuan;
				TargetAttributes = {
					8379C8431E6C5D1C00DCC861 = {
						CreatedOnToolsVersion = 8.2.1;
						ProvisioningStyle = Automatic;
					};
				};
			};
			buildConfigurationList = 8379C83F1E6C5D1C00DCC861 /* Build configuration list for PBXProject "PicturesBanner" */;
			compatibilityVersion = "Xcode 3.2";
			developmentRegion = English;
			hasScannedForEncodings = 0;
			knownRegions = (
				en,
				Base,
			);
			mainGroup = 8379C83B1E6C5D1C00DCC861;
			productRefGroup = 8379C8451E6C5D1D00DCC861 /* Products */;
			projectDirPath = "";
			projectRoot = "";
			targets = (
				8379C8431E6C5D1C00DCC861 /* PicturesBanner */,
			);
		};
/* End PBXProject section */

/* Begin PBXResourcesBuildPhase section */
		8379C8421E6C5D1C00DCC861 /* Resources */ = {
			isa = PBXResourcesBuildPhase;
			buildActionMask = 2147483647;
			files = (
				8379C8571E6C5D1D00DCC861 /* LaunchScreen.storyboard in Resources */,
				8379C8671E6C5DD500DCC861 /* 4.jpg in Resources */,
				8379C8641E6C5DD500DCC861 /* 1.jpg in Resources */,
				8379C8651E6C5DD500DCC861 /* 2.jpg in Resources */,
				8379C8661E6C5DD500DCC861 /* 3.jpg in Resources */,
				8379C8541E6C5D1D00DCC861 /* Assets.xcassets in Resources */,
				8379C8521E6C5D1D00DCC861 /* Main.storyboard in Resources */,
				8379C8681E6C5DD500DCC861 /* 5.jpg in Resources */,
			);
			runOnlyForDeploymentPostprocessing = 0;
		};
/* End PBXResourcesBuildPhase section */

/* Begin PBXSourcesBuildPhase section */
		8379C8401E6C5D1C00DCC861 /* Sources */ = {
			isa = PBXSourcesBuildPhase;
			buildActionMask = 2147483647;
			files = (
				8379C84F1E6C5D1D00DCC861 /* ViewController.m in Sources */,
				8349A2611E6DB1360028FFA1 /* Banner.m in Sources */,
				8379C84C1E6C5D1D00DCC861 /* AppDelegate.m in Sources */,
				8379C8491E6C5D1D00DCC861 /* main.m in Sources */,
			);
			runOnlyForDeploymentPostprocessing = 0;
		};
/* End PBXSourcesBuildPhase section */

/* Begin PBXVariantGroup section */
		8379C8501E6C5D1D00DCC861 /* Main.storyboard */ = {
			isa = PBXVariantGroup;
			children = (
				8379C8511E6C5D1D00DCC861 /* Base */,
			);
			name = Main.storyboard;
			sourceTree = "<group>";
		};
		8379C8551E6C5D1D00DCC861 /* LaunchScreen.storyboard */ = {
			isa = PBXVariantGroup;
			children = (
				8379C8561E6C5D1D00DCC861 /* Base */,
			);
			name = LaunchScreen.storyboard;
			sourceTree = "<group>";
		};
/* End PBXVariantGroup section */

/* Begin XCBuildConfiguration section */
		8379C8591E6C5D1D00DCC861 /* Debug */ = {
			isa = XCBuildConfiguration;
			buildSettings = {
				ALWAYS_SEARCH_USER_PATHS = NO;
				CLANG_ANALYZER_NONNULL = YES;
				CLANG_CXX_LANGUAGE_STANDARD = "gnu++0x";
				CLANG_CXX_LIBRARY = "libc++";
				CLANG_ENABLE_MODULES = YES;
				CLANG_ENABLE_OBJC_ARC = YES;
				CLANG_WARN_BOOL_CONVERSION = YES;
				CLANG_WARN_CONSTANT_CONVERSION = YES;
				CLANG_WARN_DIRECT_OBJC_ISA_USAGE = YES_ERROR;
				CLANG_WARN_DOCUMENTATION_COMMENTS = YES;
				CLANG_WARN_EMPTY_BODY = YES;
				CLANG_WARN_ENUM_CONVERSION = YES;
				CLANG_WARN_INFINITE_RECURSION = YES;
				CLANG_WARN_INT_CONVERSION = YES;
				CLANG_WARN_OBJC_ROOT_CLASS = YES_ERROR;
				CLANG_WARN_SUSPICIOUS_MOVE = YES;
				CLANG_WARN_UNREACHABLE_CODE = YES;
				CLANG_WARN__DUPLICATE_METHOD_MATCH = YES;
				"CODE_SIGN_IDENTITY[sdk=iphoneos*]" = "iPhone Developer";
				COPY_PHASE_STRIP = NO;
				DEBUG_INFORMATION_FORMAT = dwarf;
				ENABLE_STRICT_OBJC_MSGSEND = YES;
				ENABLE_TESTABILITY = YES;
				GCC_C_LANGUAGE_STANDARD = gnu99;
				GCC_DYNAMIC_NO_PIC = NO;
				GCC_NO_COMMON_BLOCKS = YES;
				GCC_OPTIMIZATION_LEVEL = 0;
				GCC_PREPROCESSOR_DEFINITIONS = (
					"DEBUG=1",
					"$(inherited)",
				);
				GCC_WARN_64_TO_32_BIT_CONVERSION = YES;
				GCC_WARN_ABOUT_RETURN_TYPE = YES_ERROR;
				GCC_WARN_UNDECLARED_SELECTOR = YES;
				GCC_WARN_UNINITIALIZED_AUTOS = YES_AGGRESSIVE;
				GCC_WARN_UNUSED_FUNCTION = YES;
				GCC_WARN_UNUSED_VARIABLE = YES;
				IPHONEOS_DEPLOYMENT_TARGET = 10.2;
				MTL_ENABLE_DEBUG_INFO = YES;
				ONLY_ACTIVE_ARCH = YES;
				SDKROOT = iphoneos;
				TARGETED_DEVICE_FAMILY = "1,2";
			};
			name = Debug;
		};
		8379C85A1E6C5D1D00DCC861 /* Release */ = {
			isa = XCBuildConfiguration;
			buildSettings = {
				ALWAYS_SEARCH_USER_PATHS = NO;
				CLANG_ANALYZER_NONNULL = YES;
				CLANG_CXX_LANGUAGE_STANDARD = "gnu++0x";
				CLANG_CXX_LIBRARY = "libc++";
				CLANG_ENABLE_MODULES = YES;
				CLANG_ENABLE_OBJC_ARC = YES;
				CLANG_WARN_BOOL_CONVERSION = YES;
				CLANG_WARN_CONSTANT_CONVERSION = YES;
				CLANG_WARN_DIRECT_OBJC_ISA_USAGE = YES_ERROR;
				CLANG_WARN_DOCUMENTATION_COMMENTS = YES;
				CLANG_WARN_EMPTY_BODY = YES;
				CLANG_WARN_ENUM_CONVERSION = YES;
				CLANG_WARN_INFINITE_RECURSION = YES;
				CLANG_WARN_INT_CONVERSION = YES;
				CLANG_WARN_OBJC_ROOT_CLASS = YES_ERROR;
				CLANG_WARN_SUSPICIOUS_MOVE = YES;
				CLANG_WARN_UNREACHABLE_CODE = YES;
				CLANG_WARN__DUPLICATE_METHOD_MATCH = YES;
				"CODE_SIGN_IDENTITY[sdk=iphoneos*]" = "iPhone Developer";
				COPY_PHASE_STRIP = NO;
				DEBUG_INFORMATION_FORMAT = "dwarf-with-dsym";
				ENABLE_NS_ASSERTIONS = NO;
				ENABLE_STRICT_OBJC_MSGSEND = YES;
				GCC_C_LANGUAGE_STANDARD = gnu99;
				GCC_NO_COMMON_BLOCKS = YES;
				GCC_WARN_64_TO_32_BIT_CONVERSION = YES;
				GCC_WARN_ABOUT_RETURN_TYPE = YES_ERROR;
				GCC_WARN_UNDECLARED_SELECTOR = YES;
				GCC_WARN_UNINITIALIZED_AUTOS = YES_AGGRESSIVE;
				GCC_WARN_UNUSED_FUNCTION = YES;
				GCC_WARN_UNUSED_VARIABLE = YES;
				IPHONEOS_DEPLOYMENT_TARGET = 10.2;
				MTL_ENABLE_DEBUG_INFO = NO;
				SDKROOT = iphoneos;
				TARGETED_DEVICE_FAMILY = "1,2";
				VALIDATE_PRODUCT = YES;
			};
			name = Release;
		};
		8379C85C1E6C5D1D00DCC861 /* Debug */ = {
			isa = XCBuildConfiguration;
			buildSettings = {
				ASSETCATALOG_COMPILER_APPICON_NAME = AppIcon;
				INFOPLIST_FILE = PicturesBanner/Info.plist;
				LD_RUNPATH_SEARCH_PATHS = "$(inherited) @executable_path/Frameworks";
				PRODUCT_BUNDLE_IDENTIFIER = com.jikexueyuan.PicturesBanner;
				PRODUCT_NAME = "$(TARGET_NAME)";
			};
			name = Debug;
		};
		8379C85D1E6C5D1D00DCC861 /* Release */ = {
			isa = XCBuildConfiguration;
			buildSettings = {
				ASSETCATALOG_COMPILER_APPICON_NAME = AppIcon;
				INFOPLIST_FILE = PicturesBanner/Info.plist;
				LD_RUNPATH_SEARCH_PATHS = "$(inherited) @executable_path/Frameworks";
				PRODUCT_BUNDLE_IDENTIFIER = com.jikexueyuan.PicturesBanner;
				PRODUCT_NAME = "$(TARGET_NAME)";
			};
			name = Release;
		};
/* End XCBuildConfiguration section */

/* Begin XCConfigurationList section */
		8379C83F1E6C5D1C00DCC861 /* Build configuration list for PBXProject "PicturesBanner" */ = {
			isa = XCConfigurationList;
			buildConfigurations = (
				8379C8591E6C5D1D00DCC861 /* Debug */,
				8379C85A1E6C5D1D00DCC861 /* Release */,
			);
			defaultConfigurationIsVisible = 0;
			defaultConfigurationName = Release;
		};
		8379C85B1E6C5D1D00DCC861 /* Build configuration list for PBXNativeTarget "PicturesBanner" */ = {
			isa = XCConfigurationList;
			buildConfigurations = (
				8379C85C1E6C5D1D00DCC861 /* Debug */,
				8379C85D1E6C5D1D00DCC861 /* Release */,
			);
			defaultConfigurationIsVisible = 0;
			defaultConfigurationName = Release;
		};
/* End XCConfigurationList section */
	};
	rootObject = 8379C83C1E6C5D1C00DCC861 /* Project object */;
}
