// !$*UTF8*$!
{
	archiveVersion = 1;
	classes = {
	};
	objectVersion = 46;
	objects = {

/* Begin PBXBuildFile section */
		83BDFDE91E461BC20099EB81 /* main.m in Sources */ = {isa = PBXBuildFile; fileRef = 83BDFDE81E461BC20099EB81 /* main.m */; };
		83BDFDEC1E461BC20099EB81 /* AppDelegate.m in Sources */ = {isa = PBXBuildFile; fileRef = 83BDFDEB1E461BC20099EB81 /* AppDelegate.m */; };
		83BDFDEF1E461BC20099EB81 /* ViewController.m in Sources */ = {isa = PBXBuildFile; fileRef = 83BDFDEE1E461BC20099EB81 /* ViewController.m */; };
		83BDFDF21E461BC20099EB81 /* Main.storyboard in Resources */ = {isa = PBXBuildFile; fileRef = 83BDFDF01E461BC20099EB81 /* Main.storyboard */; };
		83BDFDF41E461BC20099EB81 /* Assets.xcassets in Resources */ = {isa = PBXBuildFile; fileRef = 83BDFDF31E461BC20099EB81 /* Assets.xcassets */; };
		83BDFDF71E461BC20099EB81 /* LaunchScreen.storyboard in Resources */ = {isa = PBXBuildFile; fileRef = 83BDFDF51E461BC20099EB81 /* LaunchScreen.storyboard */; };
		83BDFE021E461BC30099EB81 /* UIButtonExampleTests.m in Sources */ = {isa = PBXBuildFile; fileRef = 83BDFE011E461BC30099EB81 /* UIButtonExampleTests.m */; };
		83BDFE0D1E461BC30099EB81 /* UIButtonExampleUITests.m in Sources */ = {isa = PBXBuildFile; fileRef = 83BDFE0C1E461BC30099EB81 /* UIButtonExampleUITests.m */; };
		83BDFE1E1E461C090099EB81 /* disabled.jpg in Resources */ = {isa = PBXBuildFile; fileRef = 83BDFE1B1E461C090099EB81 /* disabled.jpg */; };
		83BDFE1F1E461C090099EB81 /* selected.jpg in Resources */ = {isa = PBXBuildFile; fileRef = 83BDFE1C1E461C090099EB81 /* selected.jpg */; };
		83BDFE201E461C090099EB81 /* normal.jpg in Resources */ = {isa = PBXBuildFile; fileRef = 83BDFE1D1E461C090099EB81 /* normal.jpg */; };
/* End PBXBuildFile section */

/* Begin PBXContainerItemProxy section */
		83BDFDFE1E461BC30099EB81 /* PBXContainerItemProxy */ = {
			isa = PBXContainerItemProxy;
			containerPortal = 83BDFDDC1E461BC20099EB81 /* Project object */;
			proxyType = 1;
			remoteGlobalIDString = 83BDFDE31E461BC20099EB81;
			remoteInfo = UIButtonExample;
		};
		83BDFE091E461BC30099EB81 /* PBXContainerItemProxy */ = {
			isa = PBXContainerItemProxy;
			containerPortal = 83BDFDDC1E461BC20099EB81 /* Project object */;
			proxyType = 1;
			remoteGlobalIDString = 83BDFDE31E461BC20099EB81;
			remoteInfo = UIButtonExample;
		};
/* End PBXContainerItemProxy section */

/* Begin PBXFileReference section */
		83BDFDE41E461BC20099EB81 /* UIButtonExample.app */ = {isa = PBXFileReference; explicitFileType = wrapper.application; includeInIndex = 0; path = UIButtonExample.app; sourceTree = BUILT_PRODUCTS_DIR; };
		83BDFDE81E461BC20099EB81 /* main.m */ = {isa = PBXFileReference; lastKnownFileType = sourcecode.c.objc; path = main.m; sourceTree = "<group>"; };
		83BDFDEA1E461BC20099EB81 /* AppDelegate.h */ = {isa = PBXFileReference; lastKnownFileType = sourcecode.c.h; path = AppDelegate.h; sourceTree = "<group>"; };
		83BDFDEB1E461BC20099EB81 /* AppDelegate.m */ = {isa = PBXFileReference; lastKnownFileType = sourcecode.c.objc; path = AppDelegate.m; sourceTree = "<group>"; };
		83BDFDED1E461BC20099EB81 /* ViewController.h */ = {isa = PBXFileReference; lastKnownFileType = sourcecode.c.h; path = ViewController.h; sourceTree = "<group>"; };
		83BDFDEE1E461BC20099EB81 /* ViewController.m */ = {isa = PBXFileReference; lastKnownFileType = sourcecode.c.objc; path = ViewController.m; sourceTree = "<group>"; };
		83BDFDF11E461BC20099EB81 /* Base */ = {isa = PBXFileReference; lastKnownFileType = file.storyboard; name = Base; path = Base.lproj/Main.storyboard; sourceTree = "<group>"; };
		83BDFDF31E461BC20099EB81 /* Assets.xcassets */ = {isa = PBXFileReference; lastKnownFileType = folder.assetcatalog; path = Assets.xcassets; sourceTree = "<group>"; };
		83BDFDF61E461BC20099EB81 /* Base */ = {isa = PBXFileReference; lastKnownFileType = file.storyboard; name = Base; path = Base.lproj/LaunchScreen.storyboard; sourceTree = "<group>"; };
		83BDFDF81E461BC20099EB81 /* Info.plist */ = {isa = PBXFileReference; lastKnownFileType = text.plist.xml; path = Info.plist; sourceTree = "<group>"; };
		83BDFDFD1E461BC30099EB81 /* UIButtonExampleTests.xctest */ = {isa = PBXFileReference; explicitFileType = wrapper.cfbundle; includeInIndex = 0; path = UIButtonExampleTests.xctest; sourceTree = BUILT_PRODUCTS_DIR; };
		83BDFE011E461BC30099EB81 /* UIButtonExampleTests.m */ = {isa = PBXFileReference; lastKnownFileType = sourcecode.c.objc; path = UIButtonExampleTests.m; sourceTree = "<group>"; };
		83BDFE031E461BC30099EB81 /* Info.plist */ = {isa = PBXFileReference; lastKnownFileType = text.plist.xml; path = Info.plist; sourceTree = "<group>"; };
		83BDFE081E461BC30099EB81 /* UIButtonExampleUITests.xctest */ = {isa = PBXFileReference; explicitFileType = wrapper.cfbundle; includeInIndex = 0; path = UIButtonExampleUITests.xctest; sourceTree = BUILT_PRODUCTS_DIR; };
		83BDFE0C1E461BC30099EB81 /* UIButtonExampleUITests.m */ = {isa = PBXFileReference; lastKnownFileType = sourcecode.c.objc; path = UIButtonExampleUITests.m; sourceTree = "<group>"; };
		83BDFE0E1E461BC30099EB81 /* Info.plist */ = {isa = PBXFileReference; lastKnownFileType = text.plist.xml; path = Info.plist; sourceTree = "<group>"; };
		83BDFE1B1E461C090099EB81 /* disabled.jpg */ = {isa = PBXFileReference; lastKnownFileType = image.jpeg; path = disabled.jpg; sourceTree = "<group>"; };
		83BDFE1C1E461C090099EB81 /* selected.jpg */ = {isa = PBXFileReference; lastKnownFileType = image.jpeg; path = selected.jpg; sourceTree = "<group>"; };
		83BDFE1D1E461C090099EB81 /* normal.jpg */ = {isa = PBXFileReference; lastKnownFileType = image.jpeg; path = normal.jpg; sourceTree = "<group>"; };
/* End PBXFileReference section */

/* Begin PBXFrameworksBuildPhase section */
		83BDFDE11E461BC20099EB81 /* Frameworks */ = {
			isa = PBXFrameworksBuildPhase;
			buildActionMask = 2147483647;
			files = (
			);
			runOnlyForDeploymentPostprocessing = 0;
		};
		83BDFDFA1E461BC30099EB81 /* Frameworks */ = {
			isa = PBXFrameworksBuildPhase;
			buildActionMask = 2147483647;
			files = (
			);
			runOnlyForDeploymentPostprocessing = 0;
		};
		83BDFE051E461BC30099EB81 /* Frameworks */ = {
			isa = PBXFrameworksBuildPhase;
			buildActionMask = 2147483647;
			files = (
			);
			runOnlyForDeploymentPostprocessing = 0;
		};
/* End PBXFrameworksBuildPhase section */

/* Begin PBXGroup section */
		83BDFDDB1E461BC20099EB81 = {
			isa = PBXGroup;
			children = (
				83BDFDE61E461BC20099EB81 /* UIButtonExample */,
				83BDFE001E461BC30099EB81 /* UIButtonExampleTests */,
				83BDFE0B1E461BC30099EB81 /* UIButtonExampleUITests */,
				83BDFDE51E461BC20099EB81 /* Products */,
			);
			sourceTree = "<group>";
		};
		83BDFDE51E461BC20099EB81 /* Products */ = {
			isa = PBXGroup;
			children = (
				83BDFDE41E461BC20099EB81 /* UIButtonExample.app */,
				83BDFDFD1E461BC30099EB81 /* UIButtonExampleTests.xctest */,
				83BDFE081E461BC30099EB81 /* UIButtonExampleUITests.xctest */,
			);
			name = Products;
			sourceTree = "<group>";
		};
		83BDFDE61E461BC20099EB81 /* UIButtonExample */ = {
			isa = PBXGroup;
			children = (
				83BDFDEA1E461BC20099EB81 /* AppDelegate.h */,
				83BDFDEB1E461BC20099EB81 /* AppDelegate.m */,
				83BDFDED1E461BC20099EB81 /* ViewController.h */,
				83BDFDEE1E461BC20099EB81 /* ViewController.m */,
				83BDFDF01E461BC20099EB81 /* Main.storyboard */,
				83BDFDF31E461BC20099EB81 /* Assets.xcassets */,
				83BDFDF51E461BC20099EB81 /* LaunchScreen.storyboard */,
				83BDFDF81E461BC20099EB81 /* Info.plist */,
				83BDFDE71E461BC20099EB81 /* Supporting Files */,
			);
			path = UIButtonExample;
			sourceTree = "<group>";
		};
		83BDFDE71E461BC20099EB81 /* Supporting Files */ = {
			isa = PBXGroup;
			children = (
				83BDFE1A1E461C090099EB81 /* button images */,
				83BDFDE81E461BC20099EB81 /* main.m */,
			);
			name = "Supporting Files";
			sourceTree = "<group>";
		};
		83BDFE001E461BC30099EB81 /* UIButtonExampleTests */ = {
			isa = PBXGroup;
			children = (
				83BDFE011E461BC30099EB81 /* UIButtonExampleTests.m */,
				83BDFE031E461BC30099EB81 /* Info.plist */,
			);
			path = UIButtonExampleTests;
			sourceTree = "<group>";
		};
		83BDFE0B1E461BC30099EB81 /* UIButtonExampleUITests */ = {
			isa = PBXGroup;
			children = (
				83BDFE0C1E461BC30099EB81 /* UIButtonExampleUITests.m */,
				83BDFE0E1E461BC30099EB81 /* Info.plist */,
			);
			path = UIButtonExampleUITests;
			sourceTree = "<group>";
		};
		83BDFE1A1E461C090099EB81 /* button images */ = {
			isa = PBXGroup;
			children = (
				83BDFE1B1E461C090099EB81 /* disabled.jpg */,
				83BDFE1C1E461C090099EB81 /* selected.jpg */,
				83BDFE1D1E461C090099EB81 /* normal.jpg */,
			);
			path = "button images";
			sourceTree = "<group>";
		};
/* End PBXGroup section */

/* Begin PBXNativeTarget section */
		83BDFDE31E461BC20099EB81 /* UIButtonExample */ = {
			isa = PBXNativeTarget;
			buildConfigurationList = 83BDFE111E461BC30099EB81 /* Build configuration list for PBXNativeTarget "UIButtonExample" */;
			buildPhases = (
				83BDFDE01E461BC20099EB81 /* Sources */,
				83BDFDE11E461BC20099EB81 /* Frameworks */,
				83BDFDE21E461BC20099EB81 /* Resources */,
			);
			buildRules = (
			);
			dependencies = (
			);
			name = UIButtonExample;
			productName = UIButtonExample;
			productReference = 83BDFDE41E461BC20099EB81 /* UIButtonExample.app */;
			productType = "com.apple.product-type.application";
		};
		83BDFDFC1E461BC30099EB81 /* UIButtonExampleTests */ = {
			isa = PBXNativeTarget;
			buildConfigurationList = 83BDFE141E461BC30099EB81 /* Build configuration list for PBXNativeTarget "UIButtonExampleTests" */;
			buildPhases = (
				83BDFDF91E461BC30099EB81 /* Sources */,
				83BDFDFA1E461BC30099EB81 /* Frameworks */,
				83BDFDFB1E461BC30099EB81 /* Resources */,
			);
			buildRules = (
			);
			dependencies = (
				83BDFDFF1E461BC30099EB81 /* PBXTargetDependency */,
			);
			name = UIButtonExampleTests;
			productName = UIButtonExampleTests;
			productReference = 83BDFDFD1E461BC30099EB81 /* UIButtonExampleTests.xctest */;
			productType = "com.apple.product-type.bundle.unit-test";
		};
		83BDFE071E461BC30099EB81 /* UIButtonExampleUITests */ = {
			isa = PBXNativeTarget;
			buildConfigurationList = 83BDFE171E461BC30099EB81 /* Build configuration list for PBXNativeTarget "UIButtonExampleUITests" */;
			buildPhases = (
				83BDFE041E461BC30099EB81 /* Sources */,
				83BDFE051E461BC30099EB81 /* Frameworks */,
				83BDFE061E461BC30099EB81 /* Resources */,
			);
			buildRules = (
			);
			dependencies = (
				83BDFE0A1E461BC30099EB81 /* PBXTargetDependency */,
			);
			name = UIButtonExampleUITests;
			productName = UIButtonExampleUITests;
			productReference = 83BDFE081E461BC30099EB81 /* UIButtonExampleUITests.xctest */;
			productType = "com.apple.product-type.bundle.ui-testing";
		};
/* End PBXNativeTarget section */

/* Begin PBXProject section */
		83BDFDDC1E461BC20099EB81 /* Project object */ = {
			isa = PBXProject;
			attributes = {
				LastUpgradeCheck = 0820;
				ORGANIZATIONNAME = jikexueyuan;
				TargetAttributes = {
					83BDFDE31E461BC20099EB81 = {
						CreatedOnToolsVersion = 8.2.1;
						ProvisioningStyle = Automatic;
					};
					83BDFDFC1E461BC30099EB81 = {
						CreatedOnToolsVersion = 8.2.1;
						ProvisioningStyle = Automatic;
						TestTargetID = 83BDFDE31E461BC20099EB81;
					};
					83BDFE071E461BC30099EB81 = {
						CreatedOnToolsVersion = 8.2.1;
						ProvisioningStyle = Automatic;
						TestTargetID = 83BDFDE31E461BC20099EB81;
					};
				};
			};
			buildConfigurationList = 83BDFDDF1E461BC20099EB81 /* Build configuration list for PBXProject "UIButtonExample" */;
			compatibilityVersion = "Xcode 3.2";
			developmentRegion = English;
			hasScannedForEncodings = 0;
			knownRegions = (
				en,
				Base,
			);
			mainGroup = 83BDFDDB1E461BC20099EB81;
			productRefGroup = 83BDFDE51E461BC20099EB81 /* Products */;
			projectDirPath = "";
			projectRoot = "";
			targets = (
				83BDFDE31E461BC20099EB81 /* UIButtonExample */,
				83BDFDFC1E461BC30099EB81 /* UIButtonExampleTests */,
				83BDFE071E461BC30099EB81 /* UIButtonExampleUITests */,
			);
		};
/* End PBXProject section */

/* Begin PBXResourcesBuildPhase section */
		83BDFDE21E461BC20099EB81 /* Resources */ = {
			isa = PBXResourcesBuildPhase;
			buildActionMask = 2147483647;
			files = (
				83BDFE1F1E461C090099EB81 /* selected.jpg in Resources */,
				83BDFDF71E461BC20099EB81 /* LaunchScreen.storyboard in Resources */,
				83BDFE201E461C090099EB81 /* normal.jpg in Resources */,
				83BDFDF41E461BC20099EB81 /* Assets.xcassets in Resources */,
				83BDFDF21E461BC20099EB81 /* Main.storyboard in Resources */,
				83BDFE1E1E461C090099EB81 /* disabled.jpg in Resources */,
			);
			runOnlyForDeploymentPostprocessing = 0;
		};
		83BDFDFB1E461BC30099EB81 /* Resources */ = {
			isa = PBXResourcesBuildPhase;
			buildActionMask = 2147483647;
			files = (
			);
			runOnlyForDeploymentPostprocessing = 0;
		};
		83BDFE061E461BC30099EB81 /* Resources */ = {
			isa = PBXResourcesBuildPhase;
			buildActionMask = 2147483647;
			files = (
			);
			runOnlyForDeploymentPostprocessing = 0;
		};
/* End PBXResourcesBuildPhase section */

/* Begin PBXSourcesBuildPhase section */
		83BDFDE01E461BC20099EB81 /* Sources */ = {
			isa = PBXSourcesBuildPhase;
			buildActionMask = 2147483647;
			files = (
				83BDFDEF1E461BC20099EB81 /* ViewController.m in Sources */,
				83BDFDEC1E461BC20099EB81 /* AppDelegate.m in Sources */,
				83BDFDE91E461BC20099EB81 /* main.m in Sources */,
			);
			runOnlyForDeploymentPostprocessing = 0;
		};
		83BDFDF91E461BC30099EB81 /* Sources */ = {
			isa = PBXSourcesBuildPhase;
			buildActionMask = 2147483647;
			files = (
				83BDFE021E461BC30099EB81 /* UIButtonExampleTests.m in Sources */,
			);
			runOnlyForDeploymentPostprocessing = 0;
		};
		83BDFE041E461BC30099EB81 /* Sources */ = {
			isa = PBXSourcesBuildPhase;
			buildActionMask = 2147483647;
			files = (
				83BDFE0D1E461BC30099EB81 /* UIButtonExampleUITests.m in Sources */,
			);
			runOnlyForDeploymentPostprocessing = 0;
		};
/* End PBXSourcesBuildPhase section */

/* Begin PBXTargetDependency section */
		83BDFDFF1E461BC30099EB81 /* PBXTargetDependency */ = {
			isa = PBXTargetDependency;
			target = 83BDFDE31E461BC20099EB81 /* UIButtonExample */;
			targetProxy = 83BDFDFE1E461BC30099EB81 /* PBXContainerItemProxy */;
		};
		83BDFE0A1E461BC30099EB81 /* PBXTargetDependency */ = {
			isa = PBXTargetDependency;
			target = 83BDFDE31E461BC20099EB81 /* UIButtonExample */;
			targetProxy = 83BDFE091E461BC30099EB81 /* PBXContainerItemProxy */;
		};
/* End PBXTargetDependency section */

/* Begin PBXVariantGroup section */
		83BDFDF01E461BC20099EB81 /* Main.storyboard */ = {
			isa = PBXVariantGroup;
			children = (
				83BDFDF11E461BC20099EB81 /* Base */,
			);
			name = Main.storyboard;
			sourceTree = "<group>";
		};
		83BDFDF51E461BC20099EB81 /* LaunchScreen.storyboard */ = {
			isa = PBXVariantGroup;
			children = (
				83BDFDF61E461BC20099EB81 /* Base */,
			);
			name = LaunchScreen.storyboard;
			sourceTree = "<group>";
		};
/* End PBXVariantGroup section */

/* Begin XCBuildConfiguration section */
		83BDFE0F1E461BC30099EB81 /* Debug */ = {
			isa = XCBuildConfiguration;
			buildSettings = {
				ALWAYS_SEARCH_USER_PATHS = NO;
				CLANG_ANALYZER_NONNULL = YES;
				CLANG_CXX_LANGUAGE_STANDARD = "gnu++0x";
				CLANG_CXX_LIBRARY = "libc++";
				CLANG_ENABLE_MODULES = YES;
				CLANG_ENABLE_OBJC_ARC = YES;
				CLANG_WARN_BOOL_CONVERSION = YES;
				CLANG_WARN_CONSTANT_CONVERSION = YES;
				CLANG_WARN_DIRECT_OBJC_ISA_USAGE = YES_ERROR;
				CLANG_WARN_DOCUMENTATION_COMMENTS = YES;
				CLANG_WARN_EMPTY_BODY = YES;
				CLANG_WARN_ENUM_CONVERSION = YES;
				CLANG_WARN_INFINITE_RECURSION = YES;
				CLANG_WARN_INT_CONVERSION = YES;
				CLANG_WARN_OBJC_ROOT_CLASS = YES_ERROR;
				CLANG_WARN_SUSPICIOUS_MOVE = YES;
				CLANG_WARN_UNREACHABLE_CODE = YES;
				CLANG_WARN__DUPLICATE_METHOD_MATCH = YES;
				"CODE_SIGN_IDENTITY[sdk=iphoneos*]" = "iPhone Developer";
				COPY_PHASE_STRIP = NO;
				DEBUG_INFORMATION_FORMAT = dwarf;
				ENABLE_STRICT_OBJC_MSGSEND = YES;
				ENABLE_TESTABILITY = YES;
				GCC_C_LANGUAGE_STANDARD = gnu99;
				GCC_DYNAMIC_NO_PIC = NO;
				GCC_NO_COMMON_BLOCKS = YES;
				GCC_OPTIMIZATION_LEVEL = 0;
				GCC_PREPROCESSOR_DEFINITIONS = (
					"DEBUG=1",
					"$(inherited)",
				);
				GCC_WARN_64_TO_32_BIT_CONVERSION = YES;
				GCC_WARN_ABOUT_RETURN_TYPE = YES_ERROR;
				GCC_WARN_UNDECLARED_SELECTOR = YES;
				GCC_WARN_UNINITIALIZED_AUTOS = YES_AGGRESSIVE;
				GCC_WARN_UNUSED_FUNCTION = YES;
				GCC_WARN_UNUSED_VARIABLE = YES;
				IPHONEOS_DEPLOYMENT_TARGET = 10.2;
				MTL_ENABLE_DEBUG_INFO = YES;
				ONLY_ACTIVE_ARCH = YES;
				SDKROOT = iphoneos;
				TARGETED_DEVICE_FAMILY = "1,2";
			};
			name = Debug;
		};
		83BDFE101E461BC30099EB81 /* Release */ = {
			isa = XCBuildConfiguration;
			buildSettings = {
				ALWAYS_SEARCH_USER_PATHS = NO;
				CLANG_ANALYZER_NONNULL = YES;
				CLANG_CXX_LANGUAGE_STANDARD = "gnu++0x";
				CLANG_CXX_LIBRARY = "libc++";
				CLANG_ENABLE_MODULES = YES;
				CLANG_ENABLE_OBJC_ARC = YES;
				CLANG_WARN_BOOL_CONVERSION = YES;
				CLANG_WARN_CONSTANT_CONVERSION = YES;
				CLANG_WARN_DIRECT_OBJC_ISA_USAGE = YES_ERROR;
				CLANG_WARN_DOCUMENTATION_COMMENTS = YES;
				CLANG_WARN_EMPTY_BODY = YES;
				CLANG_WARN_ENUM_CONVERSION = YES;
				CLANG_WARN_INFINITE_RECURSION = YES;
				CLANG_WARN_INT_CONVERSION = YES;
				CLANG_WARN_OBJC_ROOT_CLASS = YES_ERROR;
				CLANG_WARN_SUSPICIOUS_MOVE = YES;
				CLANG_WARN_UNREACHABLE_CODE = YES;
				CLANG_WARN__DUPLICATE_METHOD_MATCH = YES;
				"CODE_SIGN_IDENTITY[sdk=iphoneos*]" = "iPhone Developer";
				COPY_PHASE_STRIP = NO;
				DEBUG_INFORMATION_FORMAT = "dwarf-with-dsym";
				ENABLE_NS_ASSERTIONS = NO;
				ENABLE_STRICT_OBJC_MSGSEND = YES;
				GCC_C_LANGUAGE_STANDARD = gnu99;
				GCC_NO_COMMON_BLOCKS = YES;
				GCC_WARN_64_TO_32_BIT_CONVERSION = YES;
				GCC_WARN_ABOUT_RETURN_TYPE = YES_ERROR;
				GCC_WARN_UNDECLARED_SELECTOR = YES;
				GCC_WARN_UNINITIALIZED_AUTOS = YES_AGGRESSIVE;
				GCC_WARN_UNUSED_FUNCTION = YES;
				GCC_WARN_UNUSED_VARIABLE = YES;
				IPHONEOS_DEPLOYMENT_TARGET = 10.2;
				MTL_ENABLE_DEBUG_INFO = NO;
				SDKROOT = iphoneos;
				TARGETED_DEVICE_FAMILY = "1,2";
				VALIDATE_PRODUCT = YES;
			};
			name = Release;
		};
		83BDFE121E461BC30099EB81 /* Debug */ = {
			isa = XCBuildConfiguration;
			buildSettings = {
				ASSETCATALOG_COMPILER_APPICON_NAME = AppIcon;
				INFOPLIST_FILE = UIButtonExample/Info.plist;
				LD_RUNPATH_SEARCH_PATHS = "$(inherited) @executable_path/Frameworks";
				PRODUCT_BUNDLE_IDENTIFIER = com.jikexueyuan.UIButtonExample;
				PRODUCT_NAME = "$(TARGET_NAME)";
			};
			name = Debug;
		};
		83BDFE131E461BC30099EB81 /* Release */ = {
			isa = XCBuildConfiguration;
			buildSettings = {
				ASSETCATALOG_COMPILER_APPICON_NAME = AppIcon;
				INFOPLIST_FILE = UIButtonExample/Info.plist;
				LD_RUNPATH_SEARCH_PATHS = "$(inherited) @executable_path/Frameworks";
				PRODUCT_BUNDLE_IDENTIFIER = com.jikexueyuan.UIButtonExample;
				PRODUCT_NAME = "$(TARGET_NAME)";
			};
			name = Release;
		};
		83BDFE151E461BC30099EB81 /* Debug */ = {
			isa = XCBuildConfiguration;
			buildSettings = {
				BUNDLE_LOADER = "$(TEST_HOST)";
				INFOPLIST_FILE = UIButtonExampleTests/Info.plist;
				LD_RUNPATH_SEARCH_PATHS = "$(inherited) @executable_path/Frameworks @loader_path/Frameworks";
				PRODUCT_BUNDLE_IDENTIFIER = com.jikexueyuan.UIButtonExampleTests;
				PRODUCT_NAME = "$(TARGET_NAME)";
				TEST_HOST = "$(BUILT_PRODUCTS_DIR)/UIButtonExample.app/UIButtonExample";
			};
			name = Debug;
		};
		83BDFE161E461BC30099EB81 /* Release */ = {
			isa = XCBuildConfiguration;
			buildSettings = {
				BUNDLE_LOADER = "$(TEST_HOST)";
				INFOPLIST_FILE = UIButtonExampleTests/Info.plist;
				LD_RUNPATH_SEARCH_PATHS = "$(inherited) @executable_path/Frameworks @loader_path/Frameworks";
				PRODUCT_BUNDLE_IDENTIFIER = com.jikexueyuan.UIButtonExampleTests;
				PRODUCT_NAME = "$(TARGET_NAME)";
				TEST_HOST = "$(BUILT_PRODUCTS_DIR)/UIButtonExample.app/UIButtonExample";
			};
			name = Release;
		};
		83BDFE181E461BC30099EB81 /* Debug */ = {
			isa = XCBuildConfiguration;
			buildSettings = {
				INFOPLIST_FILE = UIButtonExampleUITests/Info.plist;
				LD_RUNPATH_SEARCH_PATHS = "$(inherited) @executable_path/Frameworks @loader_path/Frameworks";
				PRODUCT_BUNDLE_IDENTIFIER = com.jikexueyuan.UIButtonExampleUITests;
				PRODUCT_NAME = "$(TARGET_NAME)";
				TEST_TARGET_NAME = UIButtonExample;
			};
			name = Debug;
		};
		83BDFE191E461BC30099EB81 /* Release */ = {
			isa = XCBuildConfiguration;
			buildSettings = {
				INFOPLIST_FILE = UIButtonExampleUITests/Info.plist;
				LD_RUNPATH_SEARCH_PATHS = "$(inherited) @executable_path/Frameworks @loader_path/Frameworks";
				PRODUCT_BUNDLE_IDENTIFIER = com.jikexueyuan.UIButtonExampleUITests;
				PRODUCT_NAME = "$(TARGET_NAME)";
				TEST_TARGET_NAME = UIButtonExample;
			};
			name = Release;
		};
/* End XCBuildConfiguration section */

/* Begin XCConfigurationList section */
		83BDFDDF1E461BC20099EB81 /* Build configuration list for PBXProject "UIButtonExample" */ = {
			isa = XCConfigurationList;
			buildConfigurations = (
				83BDFE0F1E461BC30099EB81 /* Debug */,
				83BDFE101E461BC30099EB81 /* Release */,
			);
			defaultConfigurationIsVisible = 0;
			defaultConfigurationName = Release;
		};
		83BDFE111E461BC30099EB81 /* Build configuration list for PBXNativeTarget "UIButtonExample" */ = {
			isa = XCConfigurationList;
			buildConfigurations = (
				83BDFE121E461BC30099EB81 /* Debug */,
				83BDFE131E461BC30099EB81 /* Release */,
			);
			defaultConfigurationIsVisible = 0;
			defaultConfigurationName = Release;
		};
		83BDFE141E461BC30099EB81 /* Build configuration list for PBXNativeTarget "UIButtonExampleTests" */ = {
			isa = XCConfigurationList;
			buildConfigurations = (
				83BDFE151E461BC30099EB81 /* Debug */,
				83BDFE161E461BC30099EB81 /* Release */,
			);
			defaultConfigurationIsVisible = 0;
			defaultConfigurationName = Release;
		};
		83BDFE171E461BC30099EB81 /* Build configuration list for PBXNativeTarget "UIButtonExampleUITests" */ = {
			isa = XCConfigurationList;
			buildConfigurations = (
				83BDFE181E461BC30099EB81 /* Debug */,
				83BDFE191E461BC30099EB81 /* Release */,
			);
			defaultConfigurationIsVisible = 0;
			defaultConfigurationName = Release;
		};
/* End XCConfigurationList section */
	};
	rootObject = 83BDFDDC1E461BC20099EB81 /* Project object */;
}
