// !$*UTF8*$!
{
	archiveVersion = 1;
	classes = {
	};
	objectVersion = 46;
	objects = {

/* Begin PBXBuildFile section */
		8327EF661E436A3E0024E535 /* main.m in Sources */ = {isa = PBXBuildFile; fileRef = 8327EF651E436A3E0024E535 /* main.m */; };
		8327EF6E1E436A8A0024E535 /* Array.c in Sources */ = {isa = PBXBuildFile; fileRef = 8327EF6C1E436A8A0024E535 /* Array.c */; };
		8327EF721E43857D0024E535 /* Object.c in Sources */ = {isa = PBXBuildFile; fileRef = 8327EF701E43857D0024E535 /* Object.c */; };
		8327EF751E4388250024E535 /* Student.c in Sources */ = {isa = PBXBuildFile; fileRef = 8327EF731E4388250024E535 /* Student.c */; };
/* End PBXBuildFile section */

/* Begin PBXCopyFilesBuildPhase section */
		8327EF601E436A3E0024E535 /* CopyFiles */ = {
			isa = PBXCopyFilesBuildPhase;
			buildActionMask = 2147483647;
			dstPath = /usr/share/man/man1/;
			dstSubfolderSpec = 0;
			files = (
			);
			runOnlyForDeploymentPostprocessing = 1;
		};
/* End PBXCopyFilesBuildPhase section */

/* Begin PBXFileReference section */
		8327EF621E436A3E0024E535 /* DynamicArray */ = {isa = PBXFileReference; explicitFileType = "compiled.mach-o.executable"; includeInIndex = 0; path = DynamicArray; sourceTree = BUILT_PRODUCTS_DIR; };
		8327EF651E436A3E0024E535 /* main.m */ = {isa = PBXFileReference; lastKnownFileType = sourcecode.c.objc; path = main.m; sourceTree = "<group>"; };
		8327EF6C1E436A8A0024E535 /* Array.c */ = {isa = PBXFileReference; fileEncoding = 4; lastKnownFileType = sourcecode.c.c; path = Array.c; sourceTree = "<group>"; };
		8327EF6D1E436A8A0024E535 /* Array.h */ = {isa = PBXFileReference; fileEncoding = 4; lastKnownFileType = sourcecode.c.h; path = Array.h; sourceTree = "<group>"; };
		8327EF701E43857D0024E535 /* Object.c */ = {isa = PBXFileReference; fileEncoding = 4; lastKnownFileType = sourcecode.c.c; path = Object.c; sourceTree = "<group>"; };
		8327EF711E43857D0024E535 /* Object.h */ = {isa = PBXFileReference; fileEncoding = 4; lastKnownFileType = sourcecode.c.h; path = Object.h; sourceTree = "<group>"; };
		8327EF731E4388250024E535 /* Student.c */ = {isa = PBXFileReference; fileEncoding = 4; lastKnownFileType = sourcecode.c.c; path = Student.c; sourceTree = "<group>"; };
		8327EF741E4388250024E535 /* Student.h */ = {isa = PBXFileReference; fileEncoding = 4; lastKnownFileType = sourcecode.c.h; path = Student.h; sourceTree = "<group>"; };
/* End PBXFileReference section */

/* Begin PBXFrameworksBuildPhase section */
		8327EF5F1E436A3E0024E535 /* Frameworks */ = {
			isa = PBXFrameworksBuildPhase;
			buildActionMask = 2147483647;
			files = (
			);
			runOnlyForDeploymentPostprocessing = 0;
		};
/* End PBXFrameworksBuildPhase section */

/* Begin PBXGroup section */
		8327EF591E436A3E0024E535 = {
			isa = PBXGroup;
			children = (
				8327EF641E436A3E0024E535 /* DynamicArray */,
				8327EF631E436A3E0024E535 /* Products */,
			);
			sourceTree = "<group>";
		};
		8327EF631E436A3E0024E535 /* Products */ = {
			isa = PBXGroup;
			children = (
				8327EF621E436A3E0024E535 /* DynamicArray */,
			);
			name = Products;
			sourceTree = "<group>";
		};
		8327EF641E436A3E0024E535 /* DynamicArray */ = {
			isa = PBXGroup;
			children = (
				8327EF651E436A3E0024E535 /* main.m */,
				8327EF6C1E436A8A0024E535 /* Array.c */,
				8327EF6D1E436A8A0024E535 /* Array.h */,
				8327EF701E43857D0024E535 /* Object.c */,
				8327EF711E43857D0024E535 /* Object.h */,
				8327EF731E4388250024E535 /* Student.c */,
				8327EF741E4388250024E535 /* Student.h */,
			);
			path = DynamicArray;
			sourceTree = "<group>";
		};
/* End PBXGroup section */

/* Begin PBXNativeTarget section */
		8327EF611E436A3E0024E535 /* DynamicArray */ = {
			isa = PBXNativeTarget;
			buildConfigurationList = 8327EF691E436A3E0024E535 /* Build configuration list for PBXNativeTarget "DynamicArray" */;
			buildPhases = (
				8327EF5E1E436A3E0024E535 /* Sources */,
				8327EF5F1E436A3E0024E535 /* Frameworks */,
				8327EF601E436A3E0024E535 /* CopyFiles */,
			);
			buildRules = (
			);
			dependencies = (
			);
			name = DynamicArray;
			productName = DynamicArray;
			productReference = 8327EF621E436A3E0024E535 /* DynamicArray */;
			productType = "com.apple.product-type.tool";
		};
/* End PBXNativeTarget section */

/* Begin PBXProject section */
		8327EF5A1E436A3E0024E535 /* Project object */ = {
			isa = PBXProject;
			attributes = {
				LastUpgradeCheck = 0820;
				ORGANIZATIONNAME = jikexueyuan;
				TargetAttributes = {
					8327EF611E436A3E0024E535 = {
						CreatedOnToolsVersion = 8.2.1;
						ProvisioningStyle = Automatic;
					};
				};
			};
			buildConfigurationList = 8327EF5D1E436A3E0024E535 /* Build configuration list for PBXProject "DynamicArray" */;
			compatibilityVersion = "Xcode 3.2";
			developmentRegion = English;
			hasScannedForEncodings = 0;
			knownRegions = (
				en,
			);
			mainGroup = 8327EF591E436A3E0024E535;
			productRefGroup = 8327EF631E436A3E0024E535 /* Products */;
			projectDirPath = "";
			projectRoot = "";
			targets = (
				8327EF611E436A3E0024E535 /* DynamicArray */,
			);
		};
/* End PBXProject section */

/* Begin PBXSourcesBuildPhase section */
		8327EF5E1E436A3E0024E535 /* Sources */ = {
			isa = PBXSourcesBuildPhase;
			buildActionMask = 2147483647;
			files = (
				8327EF661E436A3E0024E535 /* main.m in Sources */,
				8327EF751E4388250024E535 /* Student.c in Sources */,
				8327EF721E43857D0024E535 /* Object.c in Sources */,
				8327EF6E1E436A8A0024E535 /* Array.c in Sources */,
			);
			runOnlyForDeploymentPostprocessing = 0;
		};
/* End PBXSourcesBuildPhase section */

/* Begin XCBuildConfiguration section */
		8327EF671E436A3E0024E535 /* Debug */ = {
			isa = XCBuildConfiguration;
			buildSettings = {
				ALWAYS_SEARCH_USER_PATHS = NO;
				CLANG_ANALYZER_NONNULL = YES;
				CLANG_CXX_LANGUAGE_STANDARD = "gnu++0x";
				CLANG_CXX_LIBRARY = "libc++";
				CLANG_ENABLE_MODULES = YES;
				CLANG_ENABLE_OBJC_ARC = YES;
				CLANG_WARN_BOOL_CONVERSION = YES;
				CLANG_WARN_CONSTANT_CONVERSION = YES;
				CLANG_WARN_DIRECT_OBJC_ISA_USAGE = YES_ERROR;
				CLANG_WARN_DOCUMENTATION_COMMENTS = YES;
				CLANG_WARN_EMPTY_BODY = YES;
				CLANG_WARN_ENUM_CONVERSION = YES;
				CLANG_WARN_INFINITE_RECURSION = YES;
				CLANG_WARN_INT_CONVERSION = YES;
				CLANG_WARN_OBJC_ROOT_CLASS = YES_ERROR;
				CLANG_WARN_SUSPICIOUS_MOVE = YES;
				CLANG_WARN_UNREACHABLE_CODE = YES;
				CLANG_WARN__DUPLICATE_METHOD_MATCH = YES;
				CODE_SIGN_IDENTITY = "-";
				COPY_PHASE_STRIP = NO;
				DEBUG_INFORMATION_FORMAT = dwarf;
				ENABLE_STRICT_OBJC_MSGSEND = YES;
				ENABLE_TESTABILITY = YES;
				GCC_C_LANGUAGE_STANDARD = gnu99;
				GCC_DYNAMIC_NO_PIC = NO;
				GCC_NO_COMMON_BLOCKS = YES;
				GCC_OPTIMIZATION_LEVEL = 0;
				GCC_PREPROCESSOR_DEFINITIONS = (
					"DEBUG=1",
					"$(inherited)",
				);
				GCC_WARN_64_TO_32_BIT_CONVERSION = YES;
				GCC_WARN_ABOUT_RETURN_TYPE = YES_ERROR;
				GCC_WARN_UNDECLARED_SELECTOR = YES;
				GCC_WARN_UNINITIALIZED_AUTOS = YES_AGGRESSIVE;
				GCC_WARN_UNUSED_FUNCTION = YES;
				GCC_WARN_UNUSED_VARIABLE = YES;
				MACOSX_DEPLOYMENT_TARGET = 10.12;
				MTL_ENABLE_DEBUG_INFO = YES;
				ONLY_ACTIVE_ARCH = YES;
				SDKROOT = macosx;
			};
			name = Debug;
		};
		8327EF681E436A3E0024E535 /* Release */ = {
			isa = XCBuildConfiguration;
			buildSettings = {
				ALWAYS_SEARCH_USER_PATHS = NO;
				CLANG_ANALYZER_NONNULL = YES;
				CLANG_CXX_LANGUAGE_STANDARD = "gnu++0x";
				CLANG_CXX_LIBRARY = "libc++";
				CLANG_ENABLE_MODULES = YES;
				CLANG_ENABLE_OBJC_ARC = YES;
				CLANG_WARN_BOOL_CONVERSION = YES;
				CLANG_WARN_CONSTANT_CONVERSION = YES;
				CLANG_WARN_DIRECT_OBJC_ISA_USAGE = YES_ERROR;
				CLANG_WARN_DOCUMENTATION_COMMENTS = YES;
				CLANG_WARN_EMPTY_BODY = YES;
				CLANG_WARN_ENUM_CONVERSION = YES;
				CLANG_WARN_INFINITE_RECURSION = YES;
				CLANG_WARN_INT_CONVERSION = YES;
				CLANG_WARN_OBJC_ROOT_CLASS = YES_ERROR;
				CLANG_WARN_SUSPICIOUS_MOVE = YES;
				CLANG_WARN_UNREACHABLE_CODE = YES;
				CLANG_WARN__DUPLICATE_METHOD_MATCH = YES;
				CODE_SIGN_IDENTITY = "-";
				COPY_PHASE_STRIP = NO;
				DEBUG_INFORMATION_FORMAT = "dwarf-with-dsym";
				ENABLE_NS_ASSERTIONS = NO;
				ENABLE_STRICT_OBJC_MSGSEND = YES;
				GCC_C_LANGUAGE_STANDARD = gnu99;
				GCC_NO_COMMON_BLOCKS = YES;
				GCC_WARN_64_TO_32_BIT_CONVERSION = YES;
				GCC_WARN_ABOUT_RETURN_TYPE = YES_ERROR;
				GCC_WARN_UNDECLARED_SELECTOR = YES;
				GCC_WARN_UNINITIALIZED_AUTOS = YES_AGGRESSIVE;
				GCC_WARN_UNUSED_FUNCTION = YES;
				GCC_WARN_UNUSED_VARIABLE = YES;
				MACOSX_DEPLOYMENT_TARGET = 10.12;
				MTL_ENABLE_DEBUG_INFO = NO;
				SDKROOT = macosx;
			};
			name = Release;
		};
		8327EF6A1E436A3E0024E535 /* Debug */ = {
			isa = XCBuildConfiguration;
			buildSettings = {
				PRODUCT_NAME = "$(TARGET_NAME)";
			};
			name = Debug;
		};
		8327EF6B1E436A3E0024E535 /* Release */ = {
			isa = XCBuildConfiguration;
			buildSettings = {
				PRODUCT_NAME = "$(TARGET_NAME)";
			};
			name = Release;
		};
/* End XCBuildConfiguration section */

/* Begin XCConfigurationList section */
		8327EF5D1E436A3E0024E535 /* Build configuration list for PBXProject "DynamicArray" */ = {
			isa = XCConfigurationList;
			buildConfigurations = (
				8327EF671E436A3E0024E535 /* Debug */,
				8327EF681E436A3E0024E535 /* Release */,
			);
			defaultConfigurationIsVisible = 0;
			defaultConfigurationName = Release;
		};
		8327EF691E436A3E0024E535 /* Build configuration list for PBXNativeTarget "DynamicArray" */ = {
			isa = XCConfigurationList;
			buildConfigurations = (
				8327EF6A1E436A3E0024E535 /* Debug */,
				8327EF6B1E436A3E0024E535 /* Release */,
			);
			defaultConfigurationIsVisible = 0;
		};
/* End XCConfigurationList section */
	};
	rootObject = 8327EF5A1E436A3E0024E535 /* Project object */;
}
